7471
/Library/Java/JavaVirtualMachines/amazon-corretto-17.jdk/Contents/Home/bin/java -XX:TieredStopAtLevel=1 -Dfile.encoding=UTF-8 -Duser.country=US -Duser.language=en -Duser.variant -cp /Users/taylormyers/LocalProjects/homeapp/build/classes/java/main:/Users/taylormyers/LocalProjects/homeapp/build/resources/main:/Users/taylormyers/.gradle/caches/modules-2/files-2.1/org.springframework.boot/spring-boot-devtools/3.2.1/6c725582be436b834450dffb0e158c3276f0183e/spring-boot-devtools-3.2.1.jar:/Users/taylormyers/.gradle/caches/modules-2/files-2.1/org.springframework.boot/spring-boot-docker-compose/3.2.1/af9d32be1068a62ec87d006a8d793bbe5b6ff931/spring-boot-docker-compose-3.2.1.jar:/Users/taylormyers/.gradle/caches/modules-2/files-2.1/com.vaadin/vaadin-spring-boot-starter/24.3.3/4ebf39aaef2ee0bfc54a0f6b8dfef4ae904904ad/vaadin-spring-boot-starter-24.3.3.jar:/Users/taylormyers/.gradle/caches/modules-2/files-2.1/com.mysql/mysql-connector-j/8.0.33/9e64d997873abc4318620264703d3fdb6b02dd5a/mysql-connector-j-8.0.33.jar:/Users/taylormyers/.gradle/caches/modules-2/files-2.1/org.projectlombok/lombok/1.18.30/f195ee86e6c896ea47a1d39defbe20eb59cd149d/lombok-1.18.30.jar:/Users/taylormyers/.gradle/caches/modules-2/files-2.1/org.apache.httpcomponents.client5/httpclient5/5.3.1/56b53c8f4bcdaada801d311cf2ff8a24d6d96883/httpclient5-5.3.1.jar:/Users/taylormyers/.gradle/caches/modules-2/files-2.1/org.springframework.boot/spring-boot-autoconfigure/3.2.1/b100d2d21d45dddd740d496357ca6f3813d777d0/spring-boot-autoconfigure-3.2.1.jar:/Users/taylormyers/.gradle/caches/modules-2/files-2.1/org.springframework.boot/spring-boot/3.2.1/faa2ce019bee68a8d17529d0a08ebc427f927e13/spring-boot-3.2.1.jar:/Users/taylormyers/.gradle/caches/modules-2/files-2.1/com.vaadin/vaadin-spring/24.3.3/271104f9e2b5430462ee4cb9a55a6497db70aec4/vaadin-spring-24.3.3.jar:/Users/taylormyers/.gradle/caches/modules-2/files-2.1/com.vaadin/vaadin-core/24.3.3/dee4b4ae223cbf6a960821fff8c1929fed4b51f8/vaadin-core-24.3.3.jar:/Users/taylormyers/.gradle/caches/modules-2/files-2.1/com.vaadin/vaadin-core-internal/24.3.3/f1613dd923bbb058f924f0720b68731b0487df4b/vaadin-core-internal-24.3.3.jar:/Users/taylormyers/.gradle/caches/modules-2/files-2.1/com.vaadin/flow-lit-template/24.3.3/49daef0383f05a3d3e61ea49ef062af931181e40/flow-lit-template-24.3.3.jar:/Users/taylormyers/.gradle/caches/modules-2/files-2.1/com.vaadin/vaadin-grid-flow/24.3.3/ada6cda226d24cf99d64fe3d9fb606a80ef34046/vaadin-grid-flow-24.3.3.jar:/Users/taylormyers/.gradle/caches/modules-2/files-2.1/com.vaadin/vaadin-menu-bar-flow/24.3.3/167675eb3fd8956f40ad325d2e767d445ebd9cc0/vaadin-menu-bar-flow-24.3.3.jar:/Users/taylormyers/.gradle/caches/modules-2/files-2.1/com.vaadin/vaadin-context-menu-flow/24.3.3/281e98fbb0bc4c70e8439360f34306ed96e012f/vaadin-context-menu-flow-24.3.3.jar:/Users/taylormyers/.gradle/caches/modules-2/files-2.1/com.vaadin/flow-html-components/24.3.3/9912e2eaeb7e02d83e6f1a277dac147c7cdbd503/flow-html-components-24.3.3.jar:/Users/taylormyers/.gradle/caches/modules-2/files-2.1/com.vaadin/flow-data/24.3.3/1ca51ad860d449c986ef1893b360257a85d15fe/flow-data-24.3.3.jar:/Users/taylormyers/.gradle/caches/modules-2/files-2.1/com.vaadin/flow-dnd/24.3.3/ef9a5754a373f228b326c6669055ceaeed4d1f85/flow-dnd-24.3.3.jar:/Users/taylormyers/.gradle/caches/modules-2/files-2.1/com.vaadin/vaadin-confirm-dialog-flow/24.3.3/ef48c532789a61c0605eea4370b4da2b0238f677/vaadin-confirm-dialog-flow-24.3.3.jar:/Users/taylormyers/.gradle/caches/modules-2/files-2.1/com.vaadin/vaadin-dev/24.3.3/855de13a1bd05571107c1514bb46fdc8ca36a847/vaadin-dev-24.3.3.jar:/Users/taylormyers/.gradle/caches/modules-2/files-2.1/com.vaadin/vaadin-dev-bundle/24.3.3/ac0dba7cf28948643e798be631271eb4685e6bab/vaadin-dev-bundle-24.3.3.jar:/Users/taylormyers/.gradle/caches/modules-2/files-2.1/com.vaadin/vaadin-dev-server/24.3.3/799f24a86bca4fc8662236c27c68d43a99297ebb/vaadin-dev-server-24.3.3.jar:/Users/taylormyers/.gradle/caches/modules-2/files-2.1/com.vaadin/flow-server/24.3.3/43de3f8f4017028bed8bdee5ee14646b3ea11c41/flow-server-24.3.3.jar:/Users/taylormyers/.gradle/caches/modules-2/files-2.1/com.fasterxml.jackson.datatype/jackson-datatype-jsr310/2.15.3/4a20a0e104931bfa72f24ef358c2eb63f1ef2aaf/jackson-datatype-jsr310-2.15.3.jar:/Users/taylormyers/.gradle/caches/modules-2/files-2.1/com.fasterxml.jackson.core/jackson-annotations/2.15.3/79baf4e605eb3bbb60b1c475d44a7aecceea1d60/jackson-annotations-2.15.3.jar:/Users/taylormyers/.gradle/caches/modules-2/files-2.1/com.fasterxml.jackson.datatype/jackson-datatype-jdk8/2.15.3/80158cb020c7bd4e4ba94d8d752a65729dc943b2/jackson-datatype-jdk8-2.15.3.jar:/Users/taylormyers/.gradle/caches/modules-2/files-2.1/com.fasterxml.jackson.core/jackson-core/2.15.3/60d600567c1862840397bf9ff5a92398edc5797b/jackson-core-2.15.3.jar:/Users/taylormyers/.gradle/caches/modules-2/files-2.1/com.fasterxml.jackson.module/jackson-module-parameter-names/2.15.3/8d251b90c5358677e7d8161e0c2488e6f84f49da/jackson-module-parameter-names-2.15.3.jar:/Users/taylormyers/.gradle/caches/modules-2/files-2.1/com.fasterxml.jackson.core/jackson-databind/2.15.3/a734bc2c47a9453c4efa772461a3aeb273c010d9/jackson-databind-2.15.3.jar:/Users/taylormyers/.gradle/caches/modules-2/files-2.1/org.hibernate.orm/hibernate-core/6.4.1.Final/3dcefddf6609e6491d37208bcc0cab1273598cbd/hibernate-core-6.4.1.Final.jar:/Users/taylormyers/.gradle/caches/modules-2/files-2.1/org.springframework.data/spring-data-jpa/3.2.1/230869eb3094a2eb1cb0b077f7990e7f47062f53/spring-data-jpa-3.2.1.jar:/Users/taylormyers/.gradle/caches/modules-2/files-2.1/org.springframework/spring-aspects/6.1.2/423247e0be90804888668ea16d7e7f0d9168a7b9/spring-aspects-6.1.2.jar:/Users/taylormyers/.gradle/caches/modules-2/files-2.1/org.springframework/spring-webmvc/6.1.2/906ee995372076e22ef9666d8628845c75bf5c42/spring-webmvc-6.1.2.jar:/Users/taylormyers/.gradle/caches/modules-2/files-2.1/org.springframework/spring-websocket/6.1.2/11cbfbfb89fdda4106dac9f6c158a3d0ab5e47aa/spring-websocket-6.1.2.jar:/Users/taylormyers/.gradle/caches/modules-2/files-2.1/org.springframework/spring-web/6.1.2/f26b98778376cc39afb04fbb6fdd7543bef89f2/spring-web-6.1.2.jar:/Users/taylormyers/.gradle/caches/modules-2/files-2.1/org.apache.httpcomponents.core5/httpcore5-h2/5.2.4/2872764df7b4857549e2880dd32a6f9009166289/httpcore5-h2-5.2.4.jar:/Users/taylormyers/.gradle/caches/modules-2/files-2.1/org.apache.httpcomponents.core5/httpcore5/5.2.4/34d8332b975f9e9a8298efe4c883ec43d45b7059/httpcore5-5.2.4.jar:/Users/taylormyers/.gradle/caches/modules-2/files-2.1/com.zaxxer/HikariCP/5.0.1/a74c7f0a37046846e88d54f7cb6ea6d565c65f9c/HikariCP-5.0.1.jar:/Users/taylormyers/.gradle/caches/modules-2/files-2.1/org.springframework.data/spring-data-commons/3.2.1/5983faa6a0f8b3a11a0cfc2ce1fabd43379a02d2/spring-data-commons-3.2.1.jar:/Users/taylormyers/.gradle/caches/modules-2/files-2.1/org.reflections/reflections/0.10.2/b638d7ca0e0fe0146b60a0e7ba232ad852a73b31/reflections-0.10.2.jar:/Users/taylormyers/.gradle/caches/modules-2/files-2.1/ch.qos.logback/logback-classic/1.4.14/d98bc162275134cdf1518774da4a2a17ef6fb94d/logback-classic-1.4.14.jar:/Users/taylormyers/.gradle/caches/modules-2/files-2.1/org.apache.logging.log4j/log4j-to-slf4j/2.21.1/d77b2ba81711ed596cd797cc2b5b5bd7409d841c/log4j-to-slf4j-2.21.1.jar:/Users/taylormyers/.gradle/caches/modules-2/files-2.1/org.slf4j/jul-to-slf4j/2.0.9/9ef7c70b248185845f013f49a33ff9ca65b7975/jul-to-slf4j-2.0.9.jar:/Users/taylormyers/.gradle/caches/modules-2/files-2.1/com.helger/ph-css/7.0.1/bf90c645454020d1d0c2c9c5306c5538db5d8e6b/ph-css-7.0.1.jar:/Users/taylormyers/.gradle/caches/modules-2/files-2.1/com.vaadin/flow-push/24.3.3/25ac6ef69fcd731164b2005eac9c8f05e8b22507/flow-push-24.3.3.jar:/Users/taylormyers/.gradle/caches/modules-2/files-2.1/com.vaadin.external.atmosphere/atmosphere-runtime/3.0.3.slf4jvaadin2/91c912d7d61ba815a0e9794730277b81df7fb4b6/atmosphere-runtime-3.0.3.slf4jvaadin2.jar:/Users/taylormyers/.gradle/caches/modules-2/files-2.1/com.helger.commons/ph-commons/11.1.0/ae9f3f06b2b58b8f610e42d8df385a8fe20382c3/ph-commons-11.1.0.jar:/Users/taylormyers/.gradle/caches/modules-2/files-2.1/com.vaadin/license-checker/1.12.4/e6c68031e1ac09ff024ff1288dda7e0e4d5d5de5/license-checker-1.12.4.jar:/Users/taylormyers/.gradle/caches/modules-2/files-2.1/io.methvin/directory-watcher/0.18.0/516117adce1b3c41b2d7a086f38b2fb36cc9f2cf/directory-watcher-0.18.0.jar:/Users/taylormyers/.gradle/caches/modules-2/files-2.1/com.github.oshi/oshi-core/6.4.10/b1d8ab82d11d92fd639b56d639f8f46f739dd5fa/oshi-core-6.4.10.jar:/Users/taylormyers/.gradle/caches/modules-2/files-2.1/org.slf4j/slf4j-api/2.0.4/30d5eb5360bd113ce96f9e49e3431993bbf1b247/slf4j-api-2.0.4.jar:/Users/taylormyers/.gradle/caches/modules-2/files-2.1/org.springframework/spring-context/6.1.2/15df19852991220556b4462a366269b8e15278eb/spring-context-6.1.2.jar:/Users/taylormyers/.gradle/caches/modules-2/files-2.1/org.springframework/spring-aop/6.1.2/a247bd81df8fa9c6a002b95969692bfd146a70b2/spring-aop-6.1.2.jar:/Users/taylormyers/.gradle/caches/modules-2/files-2.1/org.springframework/spring-orm/6.1.2/32d93c8762b828e9017429528879d5f57be83b8f/spring-orm-6.1.2.jar:/Users/taylormyers/.gradle/caches/modules-2/files-2.1/org.springframework/spring-jdbc/6.1.2/2c9b37e4cc9bfd7e413d4685f09b6c5447d75638/spring-jdbc-6.1.2.jar:/Users/taylormyers/.gradle/caches/modules-2/files-2.1/org.springframework/spring-tx/6.1.2/48b9ff81c43345320779b402f1bb33b9f46ec4e9/spring-tx-6.1.2.jar:/Users/taylormyers/.gradle/caches/modules-2/files-2.1/org.springframework/spring-beans/6.1.2/abf52f2254975a3b1e95b2b63fb8b01d891cdc51/spring-beans-6.1.2.jar:/Users/taylormyers/.gradle/caches/modules-2/files-2.1/org.springframework/spring-expression/6.1.2/98786397734b27b7c8843a6b01a7fa34d40d6806/spring-expression-6.1.2.jar:/Users/taylormyers/.gradle/caches/modules-2/files-2.1/org.springframework/spring-core/6.1.2/e43c71a9eaca454654621f7d272f15b53c68d583/spring-core-6.1.2.jar:/Users/taylormyers/.gradle/caches/modules-2/files-2.1/org.aspectj/aspectjweaver/1.9.21/beaabaea95c7f3330f415c72ee0ffe79b51d172f/aspectjweaver-1.9.21.jar:/Users/taylormyers/.gradle/caches/modules-2/files-2.1/jakarta.persistence/jakarta.persistence-api/3.1.0/66901fa1c373c6aff65c13791cc11da72060a8d6/jakarta.persistence-api-3.1.0.jar:/Users/taylormyers/.gradle/caches/modules-2/files-2.1/jakarta.transaction/jakarta.transaction-api/2.0.1/51a520e3fae406abb84e2e1148e6746ce3f80a1a/jakarta.transaction-api-2.0.1.jar:/Users/taylormyers/.gradle/caches/modules-2/files-2.1/org.hibernate.validator/hibernate-validator/8.0.1.Final/e49e116b3d3928060599b176b3538bb848718e95/hibernate-validator-8.0.1.Final.jar:/Users/taylormyers/.gradle/caches/modules-2/files-2.1/org.jboss.logging/jboss-logging/3.5.3.Final/c88fc1d8a96d4c3491f55d4317458ccad53ca663/jboss-logging-3.5.3.Final.jar:/Users/taylormyers/.gradle/caches/modules-2/files-2.1/org.hibernate.common/hibernate-commons-annotations/6.0.6.Final/77a5f94b56d49508e0ee334751db5b78e5ccd50c/hibernate-commons-annotations-6.0.6.Final.jar:/Users/taylormyers/.gradle/caches/modules-2/files-2.1/io.smallrye/jandex/3.1.2/a6c1c89925c7df06242b03dddb353116ceb9584c/jandex-3.1.2.jar:/Users/taylormyers/.gradle/caches/modules-2/files-2.1/com.fasterxml/classmate/1.6.0/91affab6f84a2182fce5dd72a8d01bc14346dddd/classmate-1.6.0.jar:/Users/taylormyers/.gradle/caches/modules-2/files-2.1/net.bytebuddy/byte-buddy/1.14.10/8117daf4a612122eb4f517f66adff778cb8b4737/byte-buddy-1.14.10.jar:/Users/taylormyers/.gradle/caches/modules-2/files-2.1/org.glassfish.jaxb/jaxb-runtime/4.0.4/7180c50ef8bd127bb1dd645458b906cffcf6c2b5/jaxb-runtime-4.0.4.jar:/Users/taylormyers/.gradle/caches/modules-2/files-2.1/org.glassfish.jaxb/jaxb-core/4.0.4/2d5aadd02af86f1e9d8c6f7e8501673f915d4e25/jaxb-core-4.0.4.jar:/Users/taylormyers/.gradle/caches/modules-2/files-2.1/jakarta.xml.bind/jakarta.xml.bind-api/4.0.1/ca2330866cbc624c7e5ce982e121db1125d23e15/jakarta.xml.bind-api-4.0.1.jar:/Users/taylormyers/.gradle/caches/modules-2/files-2.1/jakarta.inject/jakarta.inject-api/2.0.1/4c28afe1991a941d7702fe1362c365f0a8641d1e/jakarta.inject-api-2.0.1.jar:/Users/taylormyers/.gradle/caches/modules-2/files-2.1/org.antlr/antlr4-runtime/4.13.0/5a02e48521624faaf5ff4d99afc88b01686af655/antlr4-runtime-4.13.0.jar:/Users/taylormyers/.gradle/caches/modules-2/files-2.1/jakarta.annotation/jakarta.annotation-api/2.1.1/48b9bda22b091b1f48b13af03fe36db3be6e1ae3/jakarta.annotation-api-2.1.1.jar:/Users/taylormyers/.gradle/caches/modules-2/files-2.1/org.yaml/snakeyaml/2.2/3af797a25458550a16bf89acc8e4ab2b7f2bfce0/snakeyaml-2.2.jar:/Users/taylormyers/.gradle/caches/modules-2/files-2.1/org.apache.tomcat.embed/tomcat-embed-websocket/10.1.17/9ee2f34b51144b75878c9b42768e17de8fbdc74b/tomcat-embed-websocket-10.1.17.jar:/Users/taylormyers/.gradle/caches/modules-2/files-2.1/org.apache.tomcat.embed/tomcat-embed-core/10.1.17/5b9185ee002f9e194d2cb21ddcf8bc5f3d4a69da/tomcat-embed-core-10.1.17.jar:/Users/taylormyers/.gradle/caches/modules-2/files-2.1/org.apache.tomcat.embed/tomcat-embed-el/10.1.17/9ad7312421535d7d3aabe0f541e852baccb59726/tomcat-embed-el-10.1.17.jar:/Users/taylormyers/.gradle/caches/modules-2/files-2.1/io.micrometer/micrometer-observation/1.12.1/fbd0e0e9b6a36effd53e0eee35b050ed1f548ae5/micrometer-observation-1.12.1.jar:/Users/taylormyers/.gradle/caches/modules-2/files-2.1/com.vaadin/flow-client/24.3.3/1f2b8422979e5fb0c9c015a22b014065b4dcf53f/flow-client-24.3.3.jar:/Users/taylormyers/.gradle/caches/modules-2/files-2.1/org.springframework/spring-jcl/6.1.2/285eb725861c9eacf2a3e4965d4e897932e335ea/spring-jcl-6.1.2.jar:/Users/taylormyers/.gradle/caches/modules-2/files-2.1/org.eclipse.angus/angus-activation/2.0.1/eaafaf4eb71b400e4136fc3a286f50e34a68ecb7/angus-activation-2.0.1.jar:/Users/taylormyers/.gradle/caches/modules-2/files-2.1/jakarta.activation/jakarta.activation-api/2.1.2/640c0d5aff45dbff1e1a1bc09673ff3a02b1ba12/jakarta.activation-api-2.1.2.jar:/Users/taylormyers/.gradle/caches/modules-2/files-2.1/io.micrometer/micrometer-commons/1.12.1/abcc6b294e60582afdfae6c559c94ad1d412ce2d/micrometer-commons-1.12.1.jar:/Users/taylormyers/.gradle/caches/modules-2/files-2.1/com.vaadin.servletdetector/throw-if-servlet3/1.0.2/29d2e1daed2f3df2e233d6685a52cc888d2519bf/throw-if-servlet3-1.0.2.jar:/Users/taylormyers/.gradle/caches/modules-2/files-2.1/com.vaadin.external.gwt/gwt-elemental/2.8.2.vaadin2/abdfd4fcfbc0652298061be8c70a56a6d6e868b2/gwt-elemental-2.8.2.vaadin2.jar:/Users/taylormyers/.gradle/caches/modules-2/files-2.1/org.apache.commons/commons-fileupload2-jakarta/2.0.0-M1/3695e957ef5ca6e63b9b934064ecf4aee6518023/commons-fileupload2-jakarta-2.0.0-M1.jar:/Users/taylormyers/.gradle/caches/modules-2/files-2.1/org.apache.commons/commons-fileupload2-core/2.0.0-M1/6c262ddf7fb1c99c24a3fbea817065a9146c52c0/commons-fileupload2-core-2.0.0-M1.jar:/Users/taylormyers/.gradle/caches/modules-2/files-2.1/com.vaadin/open/8.5.0/a39e2f7314ffd92b7ee3db8aa3c871c7b3b2615b/open-8.5.0.jar:/Users/taylormyers/.gradle/caches/modules-2/files-2.1/commons-io/commons-io/2.15.0/5c3c2db10f6f797430a7f9c696b4d1273768c924/commons-io-2.15.0.jar:/Users/taylormyers/.gradle/caches/modules-2/files-2.1/org.jsoup/jsoup/1.17.2/1e75b08d7019546a954f1e359477f916f537a34d/jsoup-1.17.2.jar:/Users/taylormyers/.gradle/caches/modules-2/files-2.1/org.ow2.asm/asm/9.6/aa205cf0a06dbd8e04ece91c0b37c3f5d567546a/asm-9.6.jar:/Users/taylormyers/.gradle/caches/modules-2/files-2.1/com.vaadin.external/gentyref/1.2.0.vaadin1/c914574fdf1d7c7b85f58965d10f7a83811bb7c6/gentyref-1.2.0.vaadin1.jar:/Users/taylormyers/.gradle/caches/modules-2/files-2.1/org.apache.commons/commons-compress/1.25.0/9d35aec423da6c8a7f93d7e9e1c6b1d9fe14bb5e/commons-compress-1.25.0.jar:/Users/taylormyers/.gradle/caches/modules-2/files-2.1/jakarta.validation/jakarta.validation-api/3.0.2/92b6631659ba35ca09e44874d3eb936edfeee532/jakarta.validation-api-3.0.2.jar:/Users/taylormyers/.gradle/caches/modules-2/files-2.1/org.javassist/javassist/3.28.0-GA/9a958811a88381bb159cc2f5ed79c34a45c4af7a/javassist-3.28.0-GA.jar:/Users/taylormyers/.gradle/caches/modules-2/files-2.1/com.google.code.findbugs/jsr305/3.0.2/25ea2e8b0c338a877313bd4672d3fe056ea78f0d/jsr305-3.0.2.jar:/Users/taylormyers/.gradle/caches/modules-2/files-2.1/com.vaadin/vaadin-lumo-theme/24.3.3/93d42a27316a3c75b79cca12e05f81aa0e56e61c/vaadin-lumo-theme-24.3.3.jar:/Users/taylormyers/.gradle/caches/modules-2/files-2.1/com.vaadin/vaadin-material-theme/24.3.3/1c239769f72201fdb459f3e69b3212cfb123fe4/vaadin-material-theme-24.3.3.jar:/Users/taylormyers/.gradle/caches/modules-2/files-2.1/com.vaadin/vaadin-accordion-flow/24.3.3/1e4607024956c0da1d2c5eccf17e915e5d6e13e1/vaadin-accordion-flow-24.3.3.jar:/Users/taylormyers/.gradle/caches/modules-2/files-2.1/com.vaadin/vaadin-avatar-flow/24.3.3/e9817e02cd43a5146a031d8a88383d74b494b0b1/vaadin-avatar-flow-24.3.3.jar:/Users/taylormyers/.gradle/caches/modules-2/files-2.1/com.vaadin/vaadin-upload-flow/24.3.3/e3e03efe6e4d7c61d7bf651ef4ee99cd2f52b60b/vaadin-upload-flow-24.3.3.jar:/Users/taylormyers/.gradle/caches/modules-2/files-2.1/com.vaadin/vaadin-app-layout-flow/24.3.3/ee91e25c8a06fad212017738e5cb6e08a4cdfc36/vaadin-app-layout-flow-24.3.3.jar:/Users/taylormyers/.gradle/caches/modules-2/files-2.1/com.vaadin/vaadin-button-flow/24.3.3/2290312ae3c1cd9b1c44d7594a2e065457eb8472/vaadin-button-flow-24.3.3.jar:/Users/taylormyers/.gradle/caches/modules-2/files-2.1/com.vaadin/vaadin-checkbox-flow/24.3.3/191ddecf0f0676d963aba0eb58af628656d5d782/vaadin-checkbox-flow-24.3.3.jar:/Users/taylormyers/.gradle/caches/modules-2/files-2.1/com.vaadin/vaadin-combo-box-flow/24.3.3/a295127e4c34f77c50b3ba1e9b81fc2b45569789/vaadin-combo-box-flow-24.3.3.jar:/Users/taylormyers/.gradle/caches/modules-2/files-2.1/com.vaadin/vaadin-custom-field-flow/24.3.3/541237924c43e914caa7f82ab3fff2686179f56d/vaadin-custom-field-flow-24.3.3.jar:/Users/taylormyers/.gradle/caches/modules-2/files-2.1/com.vaadin/vaadin-date-time-picker-flow/24.3.3/90701d75acd9f5aeedd78dbbd7618696fd699f43/vaadin-date-time-picker-flow-24.3.3.jar:/Users/taylormyers/.gradle/caches/modules-2/files-2.1/com.vaadin/vaadin-date-picker-flow/24.3.3/b6cfd73d5e4ca65499d59cfc2abb264df8942e74/vaadin-date-picker-flow-24.3.3.jar:/Users/taylormyers/.gradle/caches/modules-2/files-2.1/com.vaadin/vaadin-details-flow/24.3.3/66982ec445f7249f6ea2a9c59bf72bfcd3b99ef7/vaadin-details-flow-24.3.3.jar:/Users/taylormyers/.gradle/caches/modules-2/files-2.1/com.vaadin/vaadin-time-picker-flow/24.3.3/d2a5cb0c09bbfdf51b1219e2bd186e1ed62066de/vaadin-time-picker-flow-24.3.3.jar:/Users/taylormyers/.gradle/caches/modules-2/files-2.1/com.vaadin/vaadin-select-flow/24.3.3/7fdef204c9f652f0c38de5ebac4209a497144bbe/vaadin-select-flow-24.3.3.jar:/Users/taylormyers/.gradle/caches/modules-2/files-2.1/com.vaadin/vaadin-side-nav-flow/24.3.3/ffeb8cb444e47f19353d9411691e5557f82998e4/vaadin-side-nav-flow-24.3.3.jar:/Users/taylormyers/.gradle/caches/modules-2/files-2.1/com.vaadin/vaadin-dialog-flow/24.3.3/fe99c6da9042bd13e7ec4093db6da58eb9746864/vaadin-dialog-flow-24.3.3.jar:/Users/taylormyers/.gradle/caches/modules-2/files-2.1/com.vaadin/vaadin-form-layout-flow/24.3.3/1f7657fe83616821d3bbd7e515e6f1c5a1a88e5a/vaadin-form-layout-flow-24.3.3.jar:/Users/taylormyers/.gradle/caches/modules-2/files-2.1/com.vaadin/vaadin-field-highlighter-flow/24.3.3/d8dcca8b5783432579983e89275539a79b06132f/vaadin-field-highlighter-flow-24.3.3.jar:/Users/taylormyers/.gradle/caches/modules-2/files-2.1/com.vaadin/vaadin-icons-flow/24.3.3/39068932fcef7bc703ea00f1b476aa9ba591fb4e/vaadin-icons-flow-24.3.3.jar:/Users/taylormyers/.gradle/caches/modules-2/files-2.1/com.vaadin/vaadin-virtual-list-flow/24.3.3/a78cd10aaf7b32402ff8c4730a80afa5dbe0f844/vaadin-virtual-list-flow-24.3.3.jar:/Users/taylormyers/.gradle/caches/modules-2/files-2.1/com.vaadin/vaadin-list-box-flow/24.3.3/81eb9635e3a65e8d9257460cb30ed794c8c8d40a/vaadin-list-box-flow-24.3.3.jar:/Users/taylormyers/.gradle/caches/modules-2/files-2.1/com.vaadin/vaadin-login-flow/24.3.3/571dd17678046d900a3c1d1f7a61cf3fa7a47aca/vaadin-login-flow-24.3.3.jar:/Users/taylormyers/.gradle/caches/modules-2/files-2.1/com.vaadin/vaadin-messages-flow/24.3.3/464d02ea812f8e9e4716652c8862361b1f259a37/vaadin-messages-flow-24.3.3.jar:/Users/taylormyers/.gradle/caches/modules-2/files-2.1/com.vaadin/vaadin-ordered-layout-flow/24.3.3/5557ab4dfbaeac3772f37c57f18be317a06c232e/vaadin-ordered-layout-flow-24.3.3.jar:/Users/taylormyers/.gradle/caches/modules-2/files-2.1/com.vaadin/vaadin-progress-bar-flow/24.3.3/d91bdc69110805bae6d0b37a8e55fb97144a41a1/vaadin-progress-bar-flow-24.3.3.jar:/Users/taylormyers/.gradle/caches/modules-2/files-2.1/com.vaadin/vaadin-radio-button-flow/24.3.3/1c6a6d77c6935ff2d69e73a942fd357279bd2127/vaadin-radio-button-flow-24.3.3.jar:/Users/taylormyers/.gradle/caches/modules-2/files-2.1/com.vaadin/vaadin-notification-flow/24.3.3/964b581739d156e98517b912160f3922678cb1c5/vaadin-notification-flow-24.3.3.jar:/Users/taylormyers/.gradle/caches/modules-2/files-2.1/com.vaadin/vaadin-renderer-flow/24.3.3/533d8825de19c1ab991d664c1781e264cff1b9e8/vaadin-renderer-flow-24.3.3.jar:/Users/taylormyers/.gradle/caches/modules-2/files-2.1/com.vaadin/vaadin-split-layout-flow/24.3.3/5555ec85a27a10906b78ad2707201d8ff9b8b16a/vaadin-split-layout-flow-24.3.3.jar:/Users/taylormyers/.gradle/caches/modules-2/files-2.1/com.vaadin/vaadin-tabs-flow/24.3.3/6d33bf272017608d19a4988d18c95ee48e628c4a/vaadin-tabs-flow-24.3.3.jar:/Users/taylormyers/.gradle/caches/modules-2/files-2.1/com.vaadin/vaadin-text-field-flow/24.3.3/295d1ea190ae6e2a3065af381d8d402512b581a9/vaadin-text-field-flow-24.3.3.jar:/Users/taylormyers/.gradle/caches/modules-2/files-2.1/com.vaadin/copilot/24.3.5/f48610e7318df6f5e191f71d74501c238124b5be/copilot-24.3.5.jar:/Users/taylormyers/.gradle/caches/modules-2/files-2.1/org.glassfish.jaxb/txw2/4.0.4/cfd2bcf08782673ac370694fdf2cf76dbaa607ef/txw2-4.0.4.jar:/Users/taylormyers/.gradle/caches/modules-2/files-2.1/com.sun.istack/istack-commons-runtime/4.1.2/18ec117c85f3ba0ac65409136afa8e42bc74e739/istack-commons-runtime-4.1.2.jar:/Users/taylormyers/.gradle/caches/modules-2/files-2.1/ch.qos.logback/logback-core/1.4.14/4d3c2248219ac0effeb380ed4c5280a80bf395e8/logback-core-1.4.14.jar:/Users/taylormyers/.gradle/caches/modules-2/files-2.1/org.apache.logging.log4j/log4j-api/2.21.1/74c65e87b9ce1694a01524e192d7be989ba70486/log4j-api-2.21.1.jar:/Users/taylormyers/.gradle/caches/modules-2/files-2.1/com.vaadin/vaadin-flow-components-base/24.3.3/d37ecbd3b8b4715c40f1ca212728c49a1e0435eb/vaadin-flow-components-base-24.3.3.jar:/Users/taylormyers/.gradle/caches/modules-2/files-2.1/org.apache.commons/commons-lang3/3.13.0/b7263237aa89c1f99b327197c41d0669707a462e/commons-lang3-3.13.0.jar:/Users/taylormyers/.gradle/caches/modules-2/files-2.1/com.github.javaparser/javaparser-core/3.25.6/5e058bea33f92e5dd6f41f86066009cd56250452/javaparser-core-3.25.6.jar:/Users/taylormyers/.gradle/caches/modules-2/files-2.1/com.nimbusds/nimbus-jose-jwt/9.31/229ba7b31d1f886968896c48aeeba5a1586b00bc/nimbus-jose-jwt-9.31.jar:/Users/taylormyers/.gradle/caches/modules-2/files-2.1/org.lucee/jcip-annotations/1.0.0/ae61631d04820071895117d5d549f4e4efd9e07f/jcip-annotations-1.0.0.jar:/Users/taylormyers/.gradle/caches/modules-2/files-2.1/net.java.dev.jna/jna-platform/5.14.0/28934d48aed814f11e4c584da55c49fa7032b31b/jna-platform-5.14.0.jar:/Users/taylormyers/.gradle/caches/modules-2/files-2.1/net.java.dev.jna/jna/5.14.0/67bf3eaea4f0718cb376a181a629e5f88fa1c9dd/jna-5.14.0.jar com.myershome.homeapp.HomeappApplication
